
Microsoft Visual Studio Solution File, Format Version 11.00
# Visual Studio 2010
Project("{FAE04EC0-301F-11D3-BF4B-00C04F79EFBC}") = "TotalCMS", "TotalCMSLib\TotalCMS.csproj", "{CFD032ED-8A9B-4BB9-A6A1-526B08870EDF}"
EndProject
Project("{E24C65DC-7377-472B-9ABA-BC803B73C61A}") = "TotalCMS", "TotalCMS\", "{1FE7F328-F45B-49DB-943A-416D9F402E6D}"
	ProjectSection(WebsiteProperties) = preProject
		TargetFrameworkMoniker = ".NETFramework,Version%3Dv4.0"
		Debug.AspNetCompiler.VirtualPath = "/TotalCMS"
		Debug.AspNetCompiler.PhysicalPath = "TotalCMS\"
		Debug.AspNetCompiler.TargetPath = "PrecompiledWeb\TotalCMS\"
		Debug.AspNetCompiler.Updateable = "true"
		Debug.AspNetCompiler.ForceOverwrite = "true"
		Debug.AspNetCompiler.FixedNames = "false"
		Debug.AspNetCompiler.Debug = "True"
		Release.AspNetCompiler.VirtualPath = "/TotalCMS"
		Release.AspNetCompiler.PhysicalPath = "TotalCMS\"
		Release.AspNetCompiler.TargetPath = "PrecompiledWeb\TotalCMS\"
		Release.AspNetCompiler.Updateable = "true"
		Release.AspNetCompiler.ForceOverwrite = "true"
		Release.AspNetCompiler.FixedNames = "false"
		Release.AspNetCompiler.Debug = "False"
		VWDPort = "21545"
	EndProjectSection
EndProject
Global
	GlobalSection(SolutionConfigurationPlatforms) = preSolution
		Debug|Any CPU = Debug|Any CPU
		Release|Any CPU = Release|Any CPU
	EndGlobalSection
	GlobalSection(ProjectConfigurationPlatforms) = postSolution
		{CFD032ED-8A9B-4BB9-A6A1-526B08870EDF}.Debug|Any CPU.ActiveCfg = Debug|Any CPU
		{CFD032ED-8A9B-4BB9-A6A1-526B08870EDF}.Debug|Any CPU.Build.0 = Debug|Any CPU
		{CFD032ED-8A9B-4BB9-A6A1-526B08870EDF}.Release|Any CPU.ActiveCfg = Release|Any CPU
		{CFD032ED-8A9B-4BB9-A6A1-526B08870EDF}.Release|Any CPU.Build.0 = Release|Any CPU
		{1FE7F328-F45B-49DB-943A-416D9F402E6D}.Debug|Any CPU.ActiveCfg = Debug|Any CPU
		{1FE7F328-F45B-49DB-943A-416D9F402E6D}.Debug|Any CPU.Build.0 = Debug|Any CPU
		{1FE7F328-F45B-49DB-943A-416D9F402E6D}.Release|Any CPU.ActiveCfg = Debug|Any CPU
		{1FE7F328-F45B-49DB-943A-416D9F402E6D}.Release|Any CPU.Build.0 = Debug|Any CPU
	EndGlobalSection
	GlobalSection(SolutionProperties) = preSolution
		HideSolutionNode = FALSE
	EndGlobalSection
EndGlobal
