
Microsoft Visual Studio Solution File, Format Version 11.00
# Visual Studio 2010
Project("{FAE04EC0-301F-11D3-BF4B-00C04F79EFBC}") = "TotalCMS", "TotalCMS\TotalCMS.csproj", "{5A53A956-EF7B-4541-B3B5-C2BAEADC7674}"
EndProject
Project("{FAE04EC0-301F-11D3-BF4B-00C04F79EFBC}") = "TotalCMSLib", "TotalCMSLib\TotalCMSLib.csproj", "{CFD032ED-8A9B-4BB9-A6A1-526B08870EDF}"
EndProject
Global
	GlobalSection(SolutionConfigurationPlatforms) = preSolution
		Debug|Any CPU = Debug|Any CPU
		Release|Any CPU = Release|Any CPU
	EndGlobalSection
	GlobalSection(ProjectConfigurationPlatforms) = postSolution
		{5A53A956-EF7B-4541-B3B5-C2BAEADC7674}.Debug|Any CPU.ActiveCfg = Debug|Any CPU
		{5A53A956-EF7B-4541-B3B5-C2BAEADC7674}.Debug|Any CPU.Build.0 = Debug|Any CPU
		{5A53A956-EF7B-4541-B3B5-C2BAEADC7674}.Release|Any CPU.ActiveCfg = Release|Any CPU
		{5A53A956-EF7B-4541-B3B5-C2BAEADC7674}.Release|Any CPU.Build.0 = Release|Any CPU
		{CFD032ED-8A9B-4BB9-A6A1-526B08870EDF}.Debug|Any CPU.ActiveCfg = Debug|Any CPU
		{CFD032ED-8A9B-4BB9-A6A1-526B08870EDF}.Debug|Any CPU.Build.0 = Debug|Any CPU
		{CFD032ED-8A9B-4BB9-A6A1-526B08870EDF}.Release|Any CPU.ActiveCfg = Release|Any CPU
		{CFD032ED-8A9B-4BB9-A6A1-526B08870EDF}.Release|Any CPU.Build.0 = Release|Any CPU
	EndGlobalSection
	GlobalSection(SolutionProperties) = preSolution
		HideSolutionNode = FALSE
	EndGlobalSection
EndGlobal
